
Microsoft Visual Studio Solution File, Format Version 12.00
# Visual Studio Version 17
VisualStudioVersion = 17.9.34622.214
MinimumVisualStudioVersion = 10.0.40219.1
Project("{8BC9CEB8-8B4A-11D0-8D11-00A0C91BC942}") = "부산헹8", "부산헹8\부산헹8.vcxproj", "{47ACBD27-96D9-4FB1-AC2D-A2D2E2216F87}"
EndProject
Global
	GlobalSection(SolutionConfigurationPlatforms) = preSolution
		Debug|x64 = Debug|x64
		Debug|x86 = Debug|x86
		Release|x64 = Release|x64
		Release|x86 = Release|x86
	EndGlobalSection
	GlobalSection(ProjectConfigurationPlatforms) = postSolution
		{47ACBD27-96D9-4FB1-AC2D-A2D2E2216F87}.Debug|x64.ActiveCfg = Debug|x64
		{47ACBD27-96D9-4FB1-AC2D-A2D2E2216F87}.Debug|x64.Build.0 = Debug|x64
		{47ACBD27-96D9-4FB1-AC2D-A2D2E2216F87}.Debug|x86.ActiveCfg = Debug|Win32
		{47ACBD27-96D9-4FB1-AC2D-A2D2E2216F87}.Debug|x86.Build.0 = Debug|Win32
		{47ACBD27-96D9-4FB1-AC2D-A2D2E2216F87}.Release|x64.ActiveCfg = Release|x64
		{47ACBD27-96D9-4FB1-AC2D-A2D2E2216F87}.Release|x64.Build.0 = Release|x64
		{47ACBD27-96D9-4FB1-AC2D-A2D2E2216F87}.Release|x86.ActiveCfg = Release|Win32
		{47ACBD27-96D9-4FB1-AC2D-A2D2E2216F87}.Release|x86.Build.0 = Release|Win32
	EndGlobalSection
	GlobalSection(SolutionProperties) = preSolution
		HideSolutionNode = FALSE
	EndGlobalSection
	GlobalSection(ExtensibilityGlobals) = postSolution
		SolutionGuid = {D3D3635A-26D0-467B-9CEE-58F3D843A2A0}
	EndGlobalSection
EndGlobal
